{
    "_readme": [
        "This file locks the dependencies of your project to a known state",
        "Read more about it at https://getcomposer.org/doc/01-basic-usage.md#installing-dependencies",
        "This file is @generated automatically"
    ],
    "content-hash": "db1fb2079292e0108544e3eea08cb6f1",
    "packages": [
        {
            "name": "afragen/git-updater-lite",
            "version": "1.0.1",
            "source": {
                "type": "git",
                "url": "https://github.com/afragen/git-updater-lite.git",
                "reference": "bec8ddb0aadd528216674d983f869e7d0a5ae5a3"
            },
            "dist": {
                "type": "zip",
                "url": "https://api.github.com/repos/afragen/git-updater-lite/zipball/bec8ddb0aadd528216674d983f869e7d0a5ae5a3",
                "reference": "bec8ddb0aadd528216674d983f869e7d0a5ae5a3",
                "shasum": ""
            },
            "require": {
                "php": ">=8.0"
            },
            "type": "library",
            "autoload": {
                "files": [
                    "Lite.php"
                ]
            },
            "notification-url": "https://packagist.org/downloads/",
            "license": [
                "MIT"
            ],
            "authors": [
                {
                    "name": "Andy Fragen",
                    "email": "andy@thefragens.com",
                    "homepage": "https://github.com/afragen/git-updater-lite",
                    "role": "Developer"
                }
            ],
            "description": "A simple class to integrate with Git Updater for standalone plugin/theme updates.",
            "keywords": [
                "plugin",
                "theme",
                "updater",
                "wordpress"
            ],
            "support": {
                "issues": "https://github.com/afragen/git-updater-lite/issues",
                "source": "https://github.com/afragen/git-updater-lite/tree/1.0.1"
            },
            "time": "2024-12-07T06:16:14+00:00"
        }
    ],
    "packages-dev": [],
    "aliases": [],
    "minimum-stability": "stable",
    "stability-flags": {},
    "prefer-stable": false,
    "prefer-lowest": false,
    "platform": {},
    "platform-dev": {},
    "plugin-api-version": "2.6.0"
}
